
Microsoft Visual Studio Solution File, Format Version 12.00
# Visual Studio 15
VisualStudioVersion = 15.0.28307.106
MinimumVisualStudioVersion = 10.0.40219.1
Project("{FAE04EC0-301F-11D3-BF4B-00C04F79EFBC}") = "PetProject", "PetProject\PetProject.csproj", "{D4ABC2E1-CDB3-4AD9-B80B-03D50B90C0C3}"
EndProject
Project("{FAE04EC0-301F-11D3-BF4B-00C04F79EFBC}") = "ModelsContext", "..\ModelsContext\ModelsContext.csproj", "{422E6C8C-760B-4B11-A69A-8075A9085DD4}"
EndProject
Global
	GlobalSection(SolutionConfigurationPlatforms) = preSolution
		Debug|Any CPU = Debug|Any CPU
		Release|Any CPU = Release|Any CPU
	EndGlobalSection
	GlobalSection(ProjectConfigurationPlatforms) = postSolution
		{D4ABC2E1-CDB3-4AD9-B80B-03D50B90C0C3}.Debug|Any CPU.ActiveCfg = Debug|Any CPU
		{D4ABC2E1-CDB3-4AD9-B80B-03D50B90C0C3}.Debug|Any CPU.Build.0 = Debug|Any CPU
		{D4ABC2E1-CDB3-4AD9-B80B-03D50B90C0C3}.Release|Any CPU.ActiveCfg = Release|Any CPU
		{D4ABC2E1-CDB3-4AD9-B80B-03D50B90C0C3}.Release|Any CPU.Build.0 = Release|Any CPU
		{422E6C8C-760B-4B11-A69A-8075A9085DD4}.Debug|Any CPU.ActiveCfg = Debug|Any CPU
		{422E6C8C-760B-4B11-A69A-8075A9085DD4}.Debug|Any CPU.Build.0 = Debug|Any CPU
		{422E6C8C-760B-4B11-A69A-8075A9085DD4}.Release|Any CPU.ActiveCfg = Release|Any CPU
		{422E6C8C-760B-4B11-A69A-8075A9085DD4}.Release|Any CPU.Build.0 = Release|Any CPU
	EndGlobalSection
	GlobalSection(SolutionProperties) = preSolution
		HideSolutionNode = FALSE
	EndGlobalSection
	GlobalSection(ExtensibilityGlobals) = postSolution
		SolutionGuid = {75668CA3-200C-4823-BDC8-408D7E3CEB09}
	EndGlobalSection
EndGlobal
